Microsoft Visual Studio Solution File, Format Version 12.00
# Visual Studio Version 17
VisualStudioVersion = 17.0.31903.59
MinimumVisualStudioVersion = 10.0.40219.1
Project("{2150E333-8FDC-42A3-9474-1A3956D46DE8}") = "Mods", "Mods", "{9970AB1B-453C-5DD1-8C10-7969AEB109CB}"
EndProject
Project("{2150E333-8FDC-42A3-9474-1A3956D46DE8}") = "Tests", "Tests", "{D7316EC8-7C38-5994-B477-44BD07C2DDD0}"
EndProject
Project("{FAE04EC0-301F-11D3-BF4B-00C04F79EFBC}") = "Assembly-CSharp-Editor", "src\Assets\Editor\Assembly-CSharp-Editor.csproj", "{C0D727F3-82F9-5774-8396-14CF9D1133CB}"
EndProject
Project("{FAE04EC0-301F-11D3-BF4B-00C04F79EFBC}") = "AdventureGuide", "src\mods\AdventureGuide\AdventureGuide.csproj", "{3EFFAB75-B38C-5CC0-A375-389AF1F17482}"
EndProject
Project("{FAE04EC0-301F-11D3-BF4B-00C04F79EFBC}") = "InteractiveMapCompanion", "src\mods\InteractiveMapCompanion\InteractiveMapCompanion.csproj", "{EC71360A-F59D-55C5-94B9-64176F20BE12}"
EndProject
Project("{FAE04EC0-301F-11D3-BF4B-00C04F79EFBC}") = "JusticeForF7", "src\mods\JusticeForF7\JusticeForF7.csproj", "{9853CBC8-1D98-569D-946A-9D7950AA902C}"
EndProject
Project("{FAE04EC0-301F-11D3-BF4B-00C04F79EFBC}") = "MapTileCapture", "src\mods\MapTileCapture\MapTileCapture.csproj", "{2BACFFBB-E314-5707-81BE-E04633A3CAA9}"
EndProject
Project("{FAE04EC0-301F-11D3-BF4B-00C04F79EFBC}") = "Sprint", "src\mods\Sprint\Sprint.csproj", "{2B60B816-56FD-5C10-8061-98D86FBF227C}"
EndProject
Project("{FAE04EC0-301F-11D3-BF4B-00C04F79EFBC}") = "AdventureGuide.Tests", "src\mods\AdventureGuide\tests\AdventureGuide.Tests\AdventureGuide.Tests.csproj", "{C57E4636-DC64-5AC6-833B-79AB62706955}"
EndProject
Project("{FAE04EC0-301F-11D3-BF4B-00C04F79EFBC}") = "InteractiveMapCompanion.Tests", "src\mods\InteractiveMapCompanion\tests\InteractiveMapCompanion.Tests\InteractiveMapCompanion.Tests.csproj", "{58E21A05-D175-50FC-A758-2A61630A7545}"
EndProject
Project("{FAE04EC0-301F-11D3-BF4B-00C04F79EFBC}") = "JusticeForF7.Tests", "src\mods\JusticeForF7\tests\JusticeForF7.Tests\JusticeForF7.Tests.csproj", "{89A8A771-F6DD-52A1-9829-BB01D05B05ED}"
EndProject
Project("{FAE04EC0-301F-11D3-BF4B-00C04F79EFBC}") = "Sprint.Tests", "src\mods\Sprint\tests\Sprint.Tests\Sprint.Tests.csproj", "{E0452C89-F4EE-5A34-BAA0-6E0600AA9CA5}"
EndProject
Project("{FAE04EC0-301F-11D3-BF4B-00C04F79EFBC}") = "LoaderAdapter.Tests", "src\mods\tests\LoaderAdapter.Tests\LoaderAdapter.Tests.csproj", "{AC300531-FD37-5DD2-8F7A-1523C0510B16}"
EndProject
Global
	GlobalSection(SolutionConfigurationPlatforms) = preSolution
		Debug|Any CPU = Debug|Any CPU
		Release|Any CPU = Release|Any CPU
	EndGlobalSection
	GlobalSection(ProjectConfigurationPlatforms) = postSolution
		{C0D727F3-82F9-5774-8396-14CF9D1133CB}.Debug|Any CPU.ActiveCfg = Debug|Any CPU
		{C0D727F3-82F9-5774-8396-14CF9D1133CB}.Debug|Any CPU.Build.0 = Debug|Any CPU
		{C0D727F3-82F9-5774-8396-14CF9D1133CB}.Release|Any CPU.ActiveCfg = Release|Any CPU
		{C0D727F3-82F9-5774-8396-14CF9D1133CB}.Release|Any CPU.Build.0 = Release|Any CPU
		{3EFFAB75-B38C-5CC0-A375-389AF1F17482}.Debug|Any CPU.ActiveCfg = Debug|Any CPU
		{3EFFAB75-B38C-5CC0-A375-389AF1F17482}.Debug|Any CPU.Build.0 = Debug|Any CPU
		{3EFFAB75-B38C-5CC0-A375-389AF1F17482}.Release|Any CPU.ActiveCfg = Release|Any CPU
		{3EFFAB75-B38C-5CC0-A375-389AF1F17482}.Release|Any CPU.Build.0 = Release|Any CPU
		{EC71360A-F59D-55C5-94B9-64176F20BE12}.Debug|Any CPU.ActiveCfg = Debug|Any CPU
		{EC71360A-F59D-55C5-94B9-64176F20BE12}.Debug|Any CPU.Build.0 = Debug|Any CPU
		{EC71360A-F59D-55C5-94B9-64176F20BE12}.Release|Any CPU.ActiveCfg = Release|Any CPU
		{EC71360A-F59D-55C5-94B9-64176F20BE12}.Release|Any CPU.Build.0 = Release|Any CPU
		{9853CBC8-1D98-569D-946A-9D7950AA902C}.Debug|Any CPU.ActiveCfg = Debug|Any CPU
		{9853CBC8-1D98-569D-946A-9D7950AA902C}.Debug|Any CPU.Build.0 = Debug|Any CPU
		{9853CBC8-1D98-569D-946A-9D7950AA902C}.Release|Any CPU.ActiveCfg = Release|Any CPU
		{9853CBC8-1D98-569D-946A-9D7950AA902C}.Release|Any CPU.Build.0 = Release|Any CPU
		{2BACFFBB-E314-5707-81BE-E04633A3CAA9}.Debug|Any CPU.ActiveCfg = Debug|Any CPU
		{2BACFFBB-E314-5707-81BE-E04633A3CAA9}.Debug|Any CPU.Build.0 = Debug|Any CPU
		{2BACFFBB-E314-5707-81BE-E04633A3CAA9}.Release|Any CPU.ActiveCfg = Release|Any CPU
		{2BACFFBB-E314-5707-81BE-E04633A3CAA9}.Release|Any CPU.Build.0 = Release|Any CPU
		{2B60B816-56FD-5C10-8061-98D86FBF227C}.Debug|Any CPU.ActiveCfg = Debug|Any CPU
		{2B60B816-56FD-5C10-8061-98D86FBF227C}.Debug|Any CPU.Build.0 = Debug|Any CPU
		{2B60B816-56FD-5C10-8061-98D86FBF227C}.Release|Any CPU.ActiveCfg = Release|Any CPU
		{2B60B816-56FD-5C10-8061-98D86FBF227C}.Release|Any CPU.Build.0 = Release|Any CPU
		{C57E4636-DC64-5AC6-833B-79AB62706955}.Debug|Any CPU.ActiveCfg = Debug|Any CPU
		{C57E4636-DC64-5AC6-833B-79AB62706955}.Debug|Any CPU.Build.0 = Debug|Any CPU
		{C57E4636-DC64-5AC6-833B-79AB62706955}.Release|Any CPU.ActiveCfg = Release|Any CPU
		{C57E4636-DC64-5AC6-833B-79AB62706955}.Release|Any CPU.Build.0 = Release|Any CPU
		{58E21A05-D175-50FC-A758-2A61630A7545}.Debug|Any CPU.ActiveCfg = Debug|Any CPU
		{58E21A05-D175-50FC-A758-2A61630A7545}.Debug|Any CPU.Build.0 = Debug|Any CPU
		{58E21A05-D175-50FC-A758-2A61630A7545}.Release|Any CPU.ActiveCfg = Release|Any CPU
		{58E21A05-D175-50FC-A758-2A61630A7545}.Release|Any CPU.Build.0 = Release|Any CPU
		{89A8A771-F6DD-52A1-9829-BB01D05B05ED}.Debug|Any CPU.ActiveCfg = Debug|Any CPU
		{89A8A771-F6DD-52A1-9829-BB01D05B05ED}.Debug|Any CPU.Build.0 = Debug|Any CPU
		{89A8A771-F6DD-52A1-9829-BB01D05B05ED}.Release|Any CPU.ActiveCfg = Release|Any CPU
		{89A8A771-F6DD-52A1-9829-BB01D05B05ED}.Release|Any CPU.Build.0 = Release|Any CPU
		{E0452C89-F4EE-5A34-BAA0-6E0600AA9CA5}.Debug|Any CPU.ActiveCfg = Debug|Any CPU
		{E0452C89-F4EE-5A34-BAA0-6E0600AA9CA5}.Debug|Any CPU.Build.0 = Debug|Any CPU
		{E0452C89-F4EE-5A34-BAA0-6E0600AA9CA5}.Release|Any CPU.ActiveCfg = Release|Any CPU
		{E0452C89-F4EE-5A34-BAA0-6E0600AA9CA5}.Release|Any CPU.Build.0 = Release|Any CPU
		{AC300531-FD37-5DD2-8F7A-1523C0510B16}.Debug|Any CPU.ActiveCfg = Debug|Any CPU
		{AC300531-FD37-5DD2-8F7A-1523C0510B16}.Debug|Any CPU.Build.0 = Debug|Any CPU
		{AC300531-FD37-5DD2-8F7A-1523C0510B16}.Release|Any CPU.ActiveCfg = Release|Any CPU
		{AC300531-FD37-5DD2-8F7A-1523C0510B16}.Release|Any CPU.Build.0 = Release|Any CPU
	EndGlobalSection
	GlobalSection(SolutionProperties) = preSolution
		HideSolutionNode = FALSE
	EndGlobalSection
	GlobalSection(NestedProjects) = preSolution
		{C0D727F3-82F9-5774-8396-14CF9D1133CB} = {9970AB1B-453C-5DD1-8C10-7969AEB109CB}
		{3EFFAB75-B38C-5CC0-A375-389AF1F17482} = {9970AB1B-453C-5DD1-8C10-7969AEB109CB}
		{EC71360A-F59D-55C5-94B9-64176F20BE12} = {9970AB1B-453C-5DD1-8C10-7969AEB109CB}
		{9853CBC8-1D98-569D-946A-9D7950AA902C} = {9970AB1B-453C-5DD1-8C10-7969AEB109CB}
		{2BACFFBB-E314-5707-81BE-E04633A3CAA9} = {9970AB1B-453C-5DD1-8C10-7969AEB109CB}
		{2B60B816-56FD-5C10-8061-98D86FBF227C} = {9970AB1B-453C-5DD1-8C10-7969AEB109CB}
		{C57E4636-DC64-5AC6-833B-79AB62706955} = {D7316EC8-7C38-5994-B477-44BD07C2DDD0}
		{58E21A05-D175-50FC-A758-2A61630A7545} = {D7316EC8-7C38-5994-B477-44BD07C2DDD0}
		{89A8A771-F6DD-52A1-9829-BB01D05B05ED} = {D7316EC8-7C38-5994-B477-44BD07C2DDD0}
		{E0452C89-F4EE-5A34-BAA0-6E0600AA9CA5} = {D7316EC8-7C38-5994-B477-44BD07C2DDD0}
		{AC300531-FD37-5DD2-8F7A-1523C0510B16} = {D7316EC8-7C38-5994-B477-44BD07C2DDD0}
	EndGlobalSection
	GlobalSection(ExtensibilityGlobals) = postSolution
		SolutionGuid = {CFA292D0-E1BB-54A3-85EB-1348025C778F}
	EndGlobalSection
EndGlobal
